
Microsoft Visual Studio Solution File, Format Version 12.00
# Visual Studio Version 17
VisualStudioVersion = 17.0.31903.59
MinimumVisualStudioVersion = 10.0.40219.1
Project("{FAE04EC0-301F-11D3-BF4B-00C04F79EFBC}") = "App", "App\App.csproj", "{F3671972-2E83-423A-8688-E10A2733D84C}"
EndProject
Project("{FAE04EC0-301F-11D3-BF4B-00C04F79EFBC}") = "Services", "Services\Services.csproj", "{C7E2579A-E258-460C-BCAB-52B88E468165}"
EndProject
Global
	GlobalSection(SolutionConfigurationPlatforms) = preSolution
		Debug|Any CPU = Debug|Any CPU
		Release|Any CPU = Release|Any CPU
	EndGlobalSection
	GlobalSection(SolutionProperties) = preSolution
		HideSolutionNode = FALSE
	EndGlobalSection
	GlobalSection(ProjectConfigurationPlatforms) = postSolution
		{F3671972-2E83-423A-8688-E10A2733D84C}.Debug|Any CPU.ActiveCfg = Debug|Any CPU
		{F3671972-2E83-423A-8688-E10A2733D84C}.Debug|Any CPU.Build.0 = Debug|Any CPU
		{F3671972-2E83-423A-8688-E10A2733D84C}.Release|Any CPU.ActiveCfg = Release|Any CPU
		{F3671972-2E83-423A-8688-E10A2733D84C}.Release|Any CPU.Build.0 = Release|Any CPU
		{C7E2579A-E258-460C-BCAB-52B88E468165}.Debug|Any CPU.ActiveCfg = Debug|Any CPU
		{C7E2579A-E258-460C-BCAB-52B88E468165}.Debug|Any CPU.Build.0 = Debug|Any CPU
		{C7E2579A-E258-460C-BCAB-52B88E468165}.Release|Any CPU.ActiveCfg = Release|Any CPU
		{C7E2579A-E258-460C-BCAB-52B88E468165}.Release|Any CPU.Build.0 = Release|Any CPU
	EndGlobalSection
EndGlobal
